
Microsoft Visual Studio Solution File, Format Version 11.00
# Visual Studio 2010
Project("{4925A630-B079-445d-BCD4-3A9C94FE9307}") = "prism.server", "prism.server.fsproj", "{06617105-7766-41F9-BDBA-E902F276279A}"
EndProject
Global
	GlobalSection(SolutionConfigurationPlatforms) = preSolution
		Debug|x86 = Debug|x86
		Release|x86 = Release|x86
	EndGlobalSection
	GlobalSection(ProjectConfigurationPlatforms) = postSolution
		{06617105-7766-41F9-BDBA-E902F276279A}.Debug|x86.ActiveCfg = Debug|x86
		{06617105-7766-41F9-BDBA-E902F276279A}.Debug|x86.Build.0 = Debug|x86
		{06617105-7766-41F9-BDBA-E902F276279A}.Release|x86.ActiveCfg = Release|x86
		{06617105-7766-41F9-BDBA-E902F276279A}.Release|x86.Build.0 = Release|x86
	EndGlobalSection
	GlobalSection(MonoDevelopProperties) = preSolution
		StartupItem = prism.server.fsproj
	EndGlobalSection
EndGlobal
