
Microsoft Visual Studio Solution File, Format Version 12.00
# Visual Studio 2013
VisualStudioVersion = 12.0.20617.1 PREVIEW
MinimumVisualStudioVersion = 10.0.40219.1
Project("{2150E333-8FDC-42A3-9474-1A3956D46DE8}") = "Solution Items", "Solution Items", "{CCABC0D0-B4C3-47D1-9A73-CFB470754F04}"
	ProjectSection(SolutionItems) = preProject
		..\bootstrap.sh = ..\bootstrap.sh
		..\build.fsx = ..\build.fsx
		..\build.sh = ..\build.sh
		mockdata\checkins.json = mockdata\checkins.json
		..\jenkins_job.sh = ..\jenkins_job.sh
		..\README.md = ..\README.md
		..\vagrantfile = ..\vagrantfile
	EndProjectSection
EndProject
Project("{FAE04EC0-301F-11D3-BF4B-00C04F79EFBC}") = "prism.app", "prism.app\prism.app.csproj", "{F94CD73D-F902-4A36-BF6E-DF9233D60397}"
EndProject
Global
	GlobalSection(SolutionConfigurationPlatforms) = preSolution
		Debug|Any CPU = Debug|Any CPU
		Debug|Mixed Platforms = Debug|Mixed Platforms
		Debug|x86 = Debug|x86
		MonoDebug|Any CPU = MonoDebug|Any CPU
		MonoDebug|Mixed Platforms = MonoDebug|Mixed Platforms
		MonoDebug|x86 = MonoDebug|x86
		MonoRelease|Any CPU = MonoRelease|Any CPU
		MonoRelease|Mixed Platforms = MonoRelease|Mixed Platforms
		MonoRelease|x86 = MonoRelease|x86
		Release|Any CPU = Release|Any CPU
		Release|Mixed Platforms = Release|Mixed Platforms
		Release|x86 = Release|x86
	EndGlobalSection
	GlobalSection(ProjectConfigurationPlatforms) = postSolution
		{F94CD73D-F902-4A36-BF6E-DF9233D60397}.Debug|Any CPU.ActiveCfg = Debug|Any CPU
		{F94CD73D-F902-4A36-BF6E-DF9233D60397}.Debug|Any CPU.Build.0 = Debug|Any CPU
		{F94CD73D-F902-4A36-BF6E-DF9233D60397}.Debug|Mixed Platforms.ActiveCfg = Debug|Any CPU
		{F94CD73D-F902-4A36-BF6E-DF9233D60397}.Debug|Mixed Platforms.Build.0 = Debug|Any CPU
		{F94CD73D-F902-4A36-BF6E-DF9233D60397}.Debug|x86.ActiveCfg = Debug|Any CPU
		{F94CD73D-F902-4A36-BF6E-DF9233D60397}.MonoDebug|Any CPU.ActiveCfg = Debug|Any CPU
		{F94CD73D-F902-4A36-BF6E-DF9233D60397}.MonoDebug|Any CPU.Build.0 = Debug|Any CPU
		{F94CD73D-F902-4A36-BF6E-DF9233D60397}.MonoDebug|Mixed Platforms.ActiveCfg = Debug|Any CPU
		{F94CD73D-F902-4A36-BF6E-DF9233D60397}.MonoDebug|Mixed Platforms.Build.0 = Debug|Any CPU
		{F94CD73D-F902-4A36-BF6E-DF9233D60397}.MonoDebug|x86.ActiveCfg = Debug|Any CPU
		{F94CD73D-F902-4A36-BF6E-DF9233D60397}.MonoRelease|Any CPU.ActiveCfg = Release|Any CPU
		{F94CD73D-F902-4A36-BF6E-DF9233D60397}.MonoRelease|Any CPU.Build.0 = Release|Any CPU
		{F94CD73D-F902-4A36-BF6E-DF9233D60397}.MonoRelease|Mixed Platforms.ActiveCfg = Release|Any CPU
		{F94CD73D-F902-4A36-BF6E-DF9233D60397}.MonoRelease|Mixed Platforms.Build.0 = Release|Any CPU
		{F94CD73D-F902-4A36-BF6E-DF9233D60397}.MonoRelease|x86.ActiveCfg = Release|Any CPU
		{F94CD73D-F902-4A36-BF6E-DF9233D60397}.Release|Any CPU.ActiveCfg = Release|Any CPU
		{F94CD73D-F902-4A36-BF6E-DF9233D60397}.Release|Any CPU.Build.0 = Release|Any CPU
		{F94CD73D-F902-4A36-BF6E-DF9233D60397}.Release|Mixed Platforms.ActiveCfg = Release|Any CPU
		{F94CD73D-F902-4A36-BF6E-DF9233D60397}.Release|Mixed Platforms.Build.0 = Release|Any CPU
		{F94CD73D-F902-4A36-BF6E-DF9233D60397}.Release|x86.ActiveCfg = Release|Any CPU
	EndGlobalSection
	GlobalSection(SolutionProperties) = preSolution
		HideSolutionNode = FALSE
	EndGlobalSection
	GlobalSection(MonoDevelopProperties) = preSolution
		StartupItem = prism.server.fsproj
	EndGlobalSection
EndGlobal
